PODS:
  - MBProgressHUD (1.0.0)
  - SDWebImage (3.8.2):
    - SDWebImage/Core (= 3.8.2)
  - SDWebImage/Core (3.8.2)

DEPENDENCIES:
  - MBProgressHUD
  - SDWebImage

SPEC CHECKSUMS:
  MBProgressHUD: 4890f671c94e8a0f3cf959aa731e9de2f036d71a
  SDWebImage: 098e97e6176540799c27e804c96653ee0833d13c

PODFILE CHECKSUM: b36c32deac7a7c95e62211b49a9ce71a961fbd11

COCOAPODS: 1.2.0.beta.1
